
Microsoft Visual Studio Solution File, Format Version 12.00
# Visual Studio Version 17
VisualStudioVersion = 17.4.33205.214
MinimumVisualStudioVersion = 10.0.40219.1
Project("{FAE04EC0-301F-11D3-BF4B-00C04F79EFBC}") = "BIbliotecaAnimales", "BIbliotecaAnimales\BIbliotecaAnimales.csproj", "{25570BF4-5B04-45A7-9089-E2B722A74F7B}"
EndProject
Project("{FAE04EC0-301F-11D3-BF4B-00C04F79EFBC}") = "TPAnimales", "TPAnimales\TPAnimales.csproj", "{0A0A6AEB-8287-47B2-B9AB-625772968945}"
EndProject
Global
	GlobalSection(SolutionConfigurationPlatforms) = preSolution
		Debug|Any CPU = Debug|Any CPU
		Release|Any CPU = Release|Any CPU
	EndGlobalSection
	GlobalSection(ProjectConfigurationPlatforms) = postSolution
		{25570BF4-5B04-45A7-9089-E2B722A74F7B}.Debug|Any CPU.ActiveCfg = Debug|Any CPU
		{25570BF4-5B04-45A7-9089-E2B722A74F7B}.Debug|Any CPU.Build.0 = Debug|Any CPU
		{25570BF4-5B04-45A7-9089-E2B722A74F7B}.Release|Any CPU.ActiveCfg = Release|Any CPU
		{25570BF4-5B04-45A7-9089-E2B722A74F7B}.Release|Any CPU.Build.0 = Release|Any CPU
		{0A0A6AEB-8287-47B2-B9AB-625772968945}.Debug|Any CPU.ActiveCfg = Debug|Any CPU
		{0A0A6AEB-8287-47B2-B9AB-625772968945}.Debug|Any CPU.Build.0 = Debug|Any CPU
		{0A0A6AEB-8287-47B2-B9AB-625772968945}.Release|Any CPU.ActiveCfg = Release|Any CPU
		{0A0A6AEB-8287-47B2-B9AB-625772968945}.Release|Any CPU.Build.0 = Release|Any CPU
	EndGlobalSection
	GlobalSection(SolutionProperties) = preSolution
		HideSolutionNode = FALSE
	EndGlobalSection
	GlobalSection(ExtensibilityGlobals) = postSolution
		SolutionGuid = {9B13F248-BB21-4CE0-B2F2-22DA55899CD5}
	EndGlobalSection
EndGlobal
